# This file is autogenerated, do not edit; changes may be undone by the next 'dep ensure'.


[[projects]]
  branch = "master"
  name = "github.com/mycodesmells/golang-examples-ctxlog"
  packages = ["."]
  revision = "62b43a7b590d22b5aeab6c226e65228893da2a46"
  source = "github.com/slomek/golang-examples-ctxlog"

[[projects]]
  name = "github.com/mycodesmells/golang-examples-log"
  packages = ["."]
  revision = "44c97432c012a263a06c740f648ad275c89fa6f6"
  version = "2.0.0"

[solve-meta]
  analyzer-name = "dep"
  analyzer-version = 1
  inputs-digest = "89d10d0d14f3faab859c2237ee365af7312e72749f89abc768e8943a5746302a"
  solver-name = "gps-cdcl"
  solver-version = 1
