# This file is autogenerated, do not edit; changes may be undone by the next 'dep ensure'.


[[projects]]
  name = "github.com/gogo/protobuf"
  packages = [
    "gogoproto",
    "proto",
    "protoc-gen-gogo/descriptor"
  ]
  revision = "99cb9b23110011cc45571c901ecae6f6f5e65cd3"

[[projects]]
  name = "github.com/golang/protobuf"
  packages = ["proto"]
  revision = "b4deda0973fb4c70b50d226b1af49f3da59f5265"
  version = "v1.1.0"

[[projects]]
  branch = "master"
  name = "github.com/lib/pq"
  packages = [
    ".",
    "oid"
  ]
  revision = "d34b9ff171c21ad295489235aec8b6626023cd04"

[[projects]]
  branch = "master"
  name = "github.com/mycodesmells/golang-examples"
  packages = ["nats/streaming/proto"]
  revision = "22078fd24fbb797884330c9e8d7620a22e2b5ece"

[[projects]]
  branch = "master"
  name = "github.com/nats-io/go-nats-streaming"
  packages = ["pb"]
  revision = "1662e177fdb0b7964a25e8e7e3570dd49b763c9a"

[[projects]]
  name = "github.com/nats-io/nats-streaming-server"
  packages = ["spb"]
  revision = "6026da1b7c444bf9f1d1b1d3ed14e435aabf02bc"
  version = "v0.9.2"

[[projects]]
  name = "github.com/pkg/errors"
  packages = ["."]
  revision = "645ef00459ed84a119197bfb8d8205042c6df63d"
  version = "v0.8.0"

[solve-meta]
  analyzer-name = "dep"
  analyzer-version = 1
  inputs-digest = "3ba203670deb76068466f2b6bf70c9613cf77f315ac7c89d8b1918b849ed63ed"
  solver-name = "gps-cdcl"
  solver-version = 1
